// !$*UTF8*$!
{
	archiveVersion = 1;
	classes = {
	};
	objectVersion = 46;
	objects = {

/* Begin PBXBuildFile section */
		0C4B988F1EB3E0020057F41D /* Euler24.swift in Sources */ = {isa = PBXBuildFile; fileRef = 0C4B988E1EB3E0020057F41D /* Euler24.swift */; };
		0C80CC921E60E4F300BDCB1B /* ScrabbleChallenge.swift in Sources */ = {isa = PBXBuildFile; fileRef = 0C80CC911E60E4F300BDCB1B /* ScrabbleChallenge.swift */; };
		0C8CC54C1E4E5F9F008DF511 /* main.swift in Sources */ = {isa = PBXBuildFile; fileRef = 0C8CC54B1E4E5F9F008DF511 /* main.swift */; };
		0C8CC5551E4E5FEE008DF511 /* ChemistrySpeller.swift in Sources */ = {isa = PBXBuildFile; fileRef = 0C8CC5541E4E5FEE008DF511 /* ChemistrySpeller.swift */; };
		0C8CC5591E4E61E7008DF511 /* WordDictionary.swift in Sources */ = {isa = PBXBuildFile; fileRef = 0C8CC5581E4E61E7008DF511 /* WordDictionary.swift */; };
		0C96872D1E6A0E81003F826A /* Euler1.swift in Sources */ = {isa = PBXBuildFile; fileRef = 0C96872C1E6A0E81003F826A /* Euler1.swift */; };
		0CAFE4ED1E57738700BC73B4 /* Euler14.swift in Sources */ = {isa = PBXBuildFile; fileRef = 0CAFE4EC1E57738700BC73B4 /* Euler14.swift */; };
		0CE642E31EF47FB900BCAD14 /* problem64.swift in Sources */ = {isa = PBXBuildFile; fileRef = 0CE642E21EF47FB900BCAD14 /* problem64.swift */; };
/* End PBXBuildFile section */

/* Begin PBXCopyFilesBuildPhase section */
		0C8CC5461E4E5F9F008DF511 /* CopyFiles */ = {
			isa = PBXCopyFilesBuildPhase;
			buildActionMask = 2147483647;
			dstPath = /usr/share/man/man1/;
			dstSubfolderSpec = 0;
			files = (
			);
			runOnlyForDeploymentPostprocessing = 1;
		};
/* End PBXCopyFilesBuildPhase section */

/* Begin PBXFileReference section */
		0C4B988E1EB3E0020057F41D /* Euler24.swift */ = {isa = PBXFileReference; fileEncoding = 4; lastKnownFileType = sourcecode.swift; name = Euler24.swift; path = Euler/Euler24.swift; sourceTree = "<group>"; };
		0C80CC911E60E4F300BDCB1B /* ScrabbleChallenge.swift */ = {isa = PBXFileReference; fileEncoding = 4; lastKnownFileType = sourcecode.swift; name = ScrabbleChallenge.swift; path = Other/ScrabbleChallenge.swift; sourceTree = "<group>"; };
		0C8CC5481E4E5F9F008DF511 /* Challenges */ = {isa = PBXFileReference; explicitFileType = "compiled.mach-o.executable"; includeInIndex = 0; path = Challenges; sourceTree = BUILT_PRODUCTS_DIR; };
		0C8CC54B1E4E5F9F008DF511 /* main.swift */ = {isa = PBXFileReference; lastKnownFileType = sourcecode.swift; path = main.swift; sourceTree = "<group>"; };
		0C8CC5541E4E5FEE008DF511 /* ChemistrySpeller.swift */ = {isa = PBXFileReference; fileEncoding = 4; lastKnownFileType = sourcecode.swift; name = ChemistrySpeller.swift; path = Other/ChemistrySpeller.swift; sourceTree = "<group>"; };
		0C8CC5561E4E615B008DF511 /* dictionary.txt */ = {isa = PBXFileReference; fileEncoding = 4; lastKnownFileType = text; name = dictionary.txt; path = Challenges/dictionary.txt; sourceTree = "<group>"; };
		0C8CC5581E4E61E7008DF511 /* WordDictionary.swift */ = {isa = PBXFileReference; fileEncoding = 4; lastKnownFileType = sourcecode.swift; name = WordDictionary.swift; path = Challenges/WordDictionary.swift; sourceTree = "<group>"; };
		0C8CC55A1E4E64B0008DF511 /* elements.txt */ = {isa = PBXFileReference; fileEncoding = 4; lastKnownFileType = text; name = elements.txt; path = Challenges/elements.txt; sourceTree = "<group>"; };
		0C96872C1E6A0E81003F826A /* Euler1.swift */ = {isa = PBXFileReference; fileEncoding = 4; lastKnownFileType = sourcecode.swift; name = Euler1.swift; path = Euler/Euler1.swift; sourceTree = "<group>"; };
		0CAFE4EC1E57738700BC73B4 /* Euler14.swift */ = {isa = PBXFileReference; fileEncoding = 4; lastKnownFileType = sourcecode.swift; name = Euler14.swift; path = Euler/Euler14.swift; sourceTree = "<group>"; };
		0CE642E21EF47FB900BCAD14 /* problem64.swift */ = {isa = PBXFileReference; fileEncoding = 4; lastKnownFileType = sourcecode.swift; name = problem64.swift; path = 99Problems/problem64.swift; sourceTree = "<group>"; };
/* End PBXFileReference section */

/* Begin PBXFrameworksBuildPhase section */
		0C8CC5451E4E5F9F008DF511 /* Frameworks */ = {
			isa = PBXFrameworksBuildPhase;
			buildActionMask = 2147483647;
			files = (
			);
			runOnlyForDeploymentPostprocessing = 0;
		};
/* End PBXFrameworksBuildPhase section */

/* Begin PBXGroup section */
		0C8CC53F1E4E5F9F008DF511 = {
			isa = PBXGroup;
			children = (
				0CE642E11EF47F9A00BCAD14 /* 99Problems */,
				0C8CC5531E4E5FB3008DF511 /* Other */,
				0C8CC5521E4E5FA6008DF511 /* Euler */,
				0C8CC54A1E4E5F9F008DF511 /* Challenges */,
				0C8CC5571E4E615F008DF511 /* Resources */,
				0C8CC5491E4E5F9F008DF511 /* Products */,
			);
			sourceTree = "<group>";
		};
		0C8CC5491E4E5F9F008DF511 /* Products */ = {
			isa = PBXGroup;
			children = (
				0C8CC5481E4E5F9F008DF511 /* Challenges */,
			);
			name = Products;
			sourceTree = "<group>";
		};
		0C8CC54A1E4E5F9F008DF511 /* Challenges */ = {
			isa = PBXGroup;
			children = (
				0C8CC54B1E4E5F9F008DF511 /* main.swift */,
			);
			path = Challenges;
			sourceTree = "<group>";
		};
		0C8CC5521E4E5FA6008DF511 /* Euler */ = {
			isa = PBXGroup;
			children = (
				0C96872C1E6A0E81003F826A /* Euler1.swift */,
				0CAFE4EC1E57738700BC73B4 /* Euler14.swift */,
				0C4B988E1EB3E0020057F41D /* Euler24.swift */,
			);
			name = Euler;
			sourceTree = "<group>";
		};
		0C8CC5531E4E5FB3008DF511 /* Other */ = {
			isa = PBXGroup;
			children = (
				0C8CC5541E4E5FEE008DF511 /* ChemistrySpeller.swift */,
				0C80CC911E60E4F300BDCB1B /* ScrabbleChallenge.swift */,
			);
			name = Other;
			sourceTree = "<group>";
		};
		0C8CC5571E4E615F008DF511 /* Resources */ = {
			isa = PBXGroup;
			children = (
				0C8CC55B1E4E64C8008DF511 /* Helpers */,
				0C8CC55A1E4E64B0008DF511 /* elements.txt */,
				0C8CC5561E4E615B008DF511 /* dictionary.txt */,
				0C8CC5581E4E61E7008DF511 /* WordDictionary.swift */,
			);
			name = Resources;
			sourceTree = "<group>";
		};
		0C8CC55B1E4E64C8008DF511 /* Helpers */ = {
			isa = PBXGroup;
			children = (
			);
			name = Helpers;
			sourceTree = "<group>";
		};
		0CE642E11EF47F9A00BCAD14 /* 99Problems */ = {
			isa = PBXGroup;
			children = (
				0CE642E21EF47FB900BCAD14 /* problem64.swift */,
			);
			name = 99Problems;
			sourceTree = "<group>";
		};
/* End PBXGroup section */

/* Begin PBXNativeTarget section */
		0C8CC5471E4E5F9F008DF511 /* Challenges */ = {
			isa = PBXNativeTarget;
			buildConfigurationList = 0C8CC54F1E4E5F9F008DF511 /* Build configuration list for PBXNativeTarget "Challenges" */;
			buildPhases = (
				0C8CC5441E4E5F9F008DF511 /* Sources */,
				0C8CC5451E4E5F9F008DF511 /* Frameworks */,
				0C8CC5461E4E5F9F008DF511 /* CopyFiles */,
			);
			buildRules = (
			);
			dependencies = (
			);
			name = Challenges;
			productName = Challenges;
			productReference = 0C8CC5481E4E5F9F008DF511 /* Challenges */;
			productType = "com.apple.product-type.tool";
		};
/* End PBXNativeTarget section */

/* Begin PBXProject section */
		0C8CC5401E4E5F9F008DF511 /* Project object */ = {
			isa = PBXProject;
			attributes = {
				LastSwiftUpdateCheck = 0820;
				LastUpgradeCheck = 0820;
				ORGANIZATIONNAME = "Barlow Tucker";
				TargetAttributes = {
					0C8CC5471E4E5F9F008DF511 = {
						CreatedOnToolsVersion = 8.2.1;
						ProvisioningStyle = Automatic;
					};
				};
			};
			buildConfigurationList = 0C8CC5431E4E5F9F008DF511 /* Build configuration list for PBXProject "Challenges" */;
			compatibilityVersion = "Xcode 3.2";
			developmentRegion = English;
			hasScannedForEncodings = 0;
			knownRegions = (
				en,
			);
			mainGroup = 0C8CC53F1E4E5F9F008DF511;
			productRefGroup = 0C8CC5491E4E5F9F008DF511 /* Products */;
			projectDirPath = "";
			projectRoot = "";
			targets = (
				0C8CC5471E4E5F9F008DF511 /* Challenges */,
			);
		};
/* End PBXProject section */

/* Begin PBXSourcesBuildPhase section */
		0C8CC5441E4E5F9F008DF511 /* Sources */ = {
			isa = PBXSourcesBuildPhase;
			buildActionMask = 2147483647;
			files = (
				0C8CC5551E4E5FEE008DF511 /* ChemistrySpeller.swift in Sources */,
				0C96872D1E6A0E81003F826A /* Euler1.swift in Sources */,
				0C8CC5591E4E61E7008DF511 /* WordDictionary.swift in Sources */,
				0CAFE4ED1E57738700BC73B4 /* Euler14.swift in Sources */,
				0C4B988F1EB3E0020057F41D /* Euler24.swift in Sources */,
				0CE642E31EF47FB900BCAD14 /* problem64.swift in Sources */,
				0C80CC921E60E4F300BDCB1B /* ScrabbleChallenge.swift in Sources */,
				0C8CC54C1E4E5F9F008DF511 /* main.swift in Sources */,
			);
			runOnlyForDeploymentPostprocessing = 0;
		};
/* End PBXSourcesBuildPhase section */

/* Begin XCBuildConfiguration section */
		0C8CC54D1E4E5F9F008DF511 /* Debug */ = {
			isa = XCBuildConfiguration;
			buildSettings = {
				ALWAYS_SEARCH_USER_PATHS = NO;
				CLANG_ANALYZER_NONNULL = YES;
				CLANG_CXX_LANGUAGE_STANDARD = "gnu++0x";
				CLANG_CXX_LIBRARY = "libc++";
				CLANG_ENABLE_MODULES = YES;
				CLANG_ENABLE_OBJC_ARC = YES;
				CLANG_WARN_BOOL_CONVERSION = YES;
				CLANG_WARN_CONSTANT_CONVERSION = YES;
				CLANG_WARN_DIRECT_OBJC_ISA_USAGE = YES_ERROR;
				CLANG_WARN_DOCUMENTATION_COMMENTS = YES;
				CLANG_WARN_EMPTY_BODY = YES;
				CLANG_WARN_ENUM_CONVERSION = YES;
				CLANG_WARN_INFINITE_RECURSION = YES;
				CLANG_WARN_INT_CONVERSION = YES;
				CLANG_WARN_OBJC_ROOT_CLASS = YES_ERROR;
				CLANG_WARN_SUSPICIOUS_MOVE = YES;
				CLANG_WARN_UNREACHABLE_CODE = YES;
				CLANG_WARN__DUPLICATE_METHOD_MATCH = YES;
				CODE_SIGN_IDENTITY = "-";
				COPY_PHASE_STRIP = NO;
				DEBUG_INFORMATION_FORMAT = dwarf;
				ENABLE_STRICT_OBJC_MSGSEND = YES;
				ENABLE_TESTABILITY = YES;
				GCC_C_LANGUAGE_STANDARD = gnu99;
				GCC_DYNAMIC_NO_PIC = NO;
				GCC_NO_COMMON_BLOCKS = YES;
				GCC_OPTIMIZATION_LEVEL = 0;
				GCC_PREPROCESSOR_DEFINITIONS = (
					"DEBUG=1",
					"$(inherited)",
				);
				GCC_WARN_64_TO_32_BIT_CONVERSION = YES;
				GCC_WARN_ABOUT_RETURN_TYPE = YES_ERROR;
				GCC_WARN_UNDECLARED_SELECTOR = YES;
				GCC_WARN_UNINITIALIZED_AUTOS = YES_AGGRESSIVE;
				GCC_WARN_UNUSED_FUNCTION = YES;
				GCC_WARN_UNUSED_VARIABLE = YES;
				MACOSX_DEPLOYMENT_TARGET = 10.12;
				MTL_ENABLE_DEBUG_INFO = YES;
				ONLY_ACTIVE_ARCH = YES;
				SDKROOT = macosx;
				SWIFT_OPTIMIZATION_LEVEL = "-Onone";
			};
			name = Debug;
		};
		0C8CC54E1E4E5F9F008DF511 /* Release */ = {
			isa = XCBuildConfiguration;
			buildSettings = {
				ALWAYS_SEARCH_USER_PATHS = NO;
				CLANG_ANALYZER_NONNULL = YES;
				CLANG_CXX_LANGUAGE_STANDARD = "gnu++0x";
				CLANG_CXX_LIBRARY = "libc++";
				CLANG_ENABLE_MODULES = YES;
				CLANG_ENABLE_OBJC_ARC = YES;
				CLANG_WARN_BOOL_CONVERSION = YES;
				CLANG_WARN_CONSTANT_CONVERSION = YES;
				CLANG_WARN_DIRECT_OBJC_ISA_USAGE = YES_ERROR;
				CLANG_WARN_DOCUMENTATION_COMMENTS = YES;
				CLANG_WARN_EMPTY_BODY = YES;
				CLANG_WARN_ENUM_CONVERSION = YES;
				CLANG_WARN_INFINITE_RECURSION = YES;
				CLANG_WARN_INT_CONVERSION = YES;
				CLANG_WARN_OBJC_ROOT_CLASS = YES_ERROR;
				CLANG_WARN_SUSPICIOUS_MOVE = YES;
				CLANG_WARN_UNREACHABLE_CODE = YES;
				CLANG_WARN__DUPLICATE_METHOD_MATCH = YES;
				CODE_SIGN_IDENTITY = "-";
				COPY_PHASE_STRIP = NO;
				DEBUG_INFORMATION_FORMAT = "dwarf-with-dsym";
				ENABLE_NS_ASSERTIONS = NO;
				ENABLE_STRICT_OBJC_MSGSEND = YES;
				GCC_C_LANGUAGE_STANDARD = gnu99;
				GCC_NO_COMMON_BLOCKS = YES;
				GCC_WARN_64_TO_32_BIT_CONVERSION = YES;
				GCC_WARN_ABOUT_RETURN_TYPE = YES_ERROR;
				GCC_WARN_UNDECLARED_SELECTOR = YES;
				GCC_WARN_UNINITIALIZED_AUTOS = YES_AGGRESSIVE;
				GCC_WARN_UNUSED_FUNCTION = YES;
				GCC_WARN_UNUSED_VARIABLE = YES;
				MACOSX_DEPLOYMENT_TARGET = 10.12;
				MTL_ENABLE_DEBUG_INFO = NO;
				SDKROOT = macosx;
			};
			name = Release;
		};
		0C8CC5501E4E5F9F008DF511 /* Debug */ = {
			isa = XCBuildConfiguration;
			buildSettings = {
				PRODUCT_NAME = "$(TARGET_NAME)";
				SWIFT_OPTIMIZATION_LEVEL = "-Owholemodule";
				SWIFT_VERSION = 3.0;
			};
			name = Debug;
		};
		0C8CC5511E4E5F9F008DF511 /* Release */ = {
			isa = XCBuildConfiguration;
			buildSettings = {
				PRODUCT_NAME = "$(TARGET_NAME)";
				SWIFT_OPTIMIZATION_LEVEL = "-Owholemodule";
				SWIFT_VERSION = 3.0;
			};
			name = Release;
		};
/* End XCBuildConfiguration section */

/* Begin XCConfigurationList section */
		0C8CC5431E4E5F9F008DF511 /* Build configuration list for PBXProject "Challenges" */ = {
			isa = XCConfigurationList;
			buildConfigurations = (
				0C8CC54D1E4E5F9F008DF511 /* Debug */,
				0C8CC54E1E4E5F9F008DF511 /* Release */,
			);
			defaultConfigurationIsVisible = 0;
			defaultConfigurationName = Release;
		};
		0C8CC54F1E4E5F9F008DF511 /* Build configuration list for PBXNativeTarget "Challenges" */ = {
			isa = XCConfigurationList;
			buildConfigurations = (
				0C8CC5501E4E5F9F008DF511 /* Debug */,
				0C8CC5511E4E5F9F008DF511 /* Release */,
			);
			defaultConfigurationIsVisible = 0;
			defaultConfigurationName = Release;
		};
/* End XCConfigurationList section */
	};
	rootObject = 0C8CC5401E4E5F9F008DF511 /* Project object */;
}
